// !$*UTF8*$!
{
	archiveVersion = 1;
	classes = {
	};
	objectVersion = 55;
	objects = {

/* Begin PBXBuildFile section */
		8403230128C679EC009BCD8E /* MainTabBarController.swift in Sources */ = {isa = PBXBuildFile; fileRef = 8403230028C679EC009BCD8E /* MainTabBarController.swift */; };
		84061DEA28B161FE00B5AB47 /* AppDelegate.swift in Sources */ = {isa = PBXBuildFile; fileRef = 84061DE928B161FE00B5AB47 /* AppDelegate.swift */; };
		84061DEC28B161FE00B5AB47 /* SceneDelegate.swift in Sources */ = {isa = PBXBuildFile; fileRef = 84061DEB28B161FE00B5AB47 /* SceneDelegate.swift */; };
		84061DF328B1620600B5AB47 /* Assets.xcassets in Resources */ = {isa = PBXBuildFile; fileRef = 84061DF228B1620600B5AB47 /* Assets.xcassets */; };
		84061DF628B1620600B5AB47 /* LaunchScreen.storyboard in Resources */ = {isa = PBXBuildFile; fileRef = 84061DF428B1620600B5AB47 /* LaunchScreen.storyboard */; };
		84061DFF28B1665000B5AB47 /* ProfileViewController.swift in Sources */ = {isa = PBXBuildFile; fileRef = 84061DFE28B1665000B5AB47 /* ProfileViewController.swift */; };
		84061E0128B1669A00B5AB47 /* ProfileHeaderView.swift in Sources */ = {isa = PBXBuildFile; fileRef = 84061E0028B1669A00B5AB47 /* ProfileHeaderView.swift */; };
		84061E0328B167C800B5AB47 /* LoginViewController.swift in Sources */ = {isa = PBXBuildFile; fileRef = 84061E0228B167C800B5AB47 /* LoginViewController.swift */; };
		84061E0928B168CD00B5AB47 /* FeedViewController.swift in Sources */ = {isa = PBXBuildFile; fileRef = 84061E0828B168CD00B5AB47 /* FeedViewController.swift */; };
		84061E0B28B1690D00B5AB47 /* InfoViewController.swift in Sources */ = {isa = PBXBuildFile; fileRef = 84061E0A28B1690D00B5AB47 /* InfoViewController.swift */; };
		84061E0D28B1692D00B5AB47 /* PostViewController.swift in Sources */ = {isa = PBXBuildFile; fileRef = 84061E0C28B1692D00B5AB47 /* PostViewController.swift */; };
		84061E0F28B169A300B5AB47 /* CustomCollectionViewCell.swift in Sources */ = {isa = PBXBuildFile; fileRef = 84061E0E28B169A200B5AB47 /* CustomCollectionViewCell.swift */; };
		84061E1128B169D700B5AB47 /* Photos.swift in Sources */ = {isa = PBXBuildFile; fileRef = 84061E1028B169D700B5AB47 /* Photos.swift */; };
		84061E1328B169FE00B5AB47 /* PhotosCollectionViewCell.swift in Sources */ = {isa = PBXBuildFile; fileRef = 84061E1228B169FE00B5AB47 /* PhotosCollectionViewCell.swift */; };
		84061E1528B16A3100B5AB47 /* PostStruct.swift in Sources */ = {isa = PBXBuildFile; fileRef = 84061E1428B16A3100B5AB47 /* PostStruct.swift */; };
		84061E1728B16A5900B5AB47 /* PhotosViewController.swift in Sources */ = {isa = PBXBuildFile; fileRef = 84061E1628B16A5900B5AB47 /* PhotosViewController.swift */; };
		84061E1928B16AB700B5AB47 /* PhotosTableViewCell.swift in Sources */ = {isa = PBXBuildFile; fileRef = 84061E1828B16AB700B5AB47 /* PhotosTableViewCell.swift */; };
		84061E1B28B16AEA00B5AB47 /* PostTableViewCell.swift in Sources */ = {isa = PBXBuildFile; fileRef = 84061E1A28B16AEA00B5AB47 /* PostTableViewCell.swift */; };
		8444AA5928B493A5005BB8FF /* UserService.swift in Sources */ = {isa = PBXBuildFile; fileRef = 8444AA5828B493A4005BB8FF /* UserService.swift */; };
		8444AA5B28B495B8005BB8FF /* CurrentUserService.swift in Sources */ = {isa = PBXBuildFile; fileRef = 8444AA5A28B495B7005BB8FF /* CurrentUserService.swift */; };
		8444AA5E28B4B6E7005BB8FF /* LoginInspector.swift in Sources */ = {isa = PBXBuildFile; fileRef = 8444AA5D28B4B6E7005BB8FF /* LoginInspector.swift */; };
		8444AA6028B4B76E005BB8FF /* Checker.swift in Sources */ = {isa = PBXBuildFile; fileRef = 8444AA5F28B4B76E005BB8FF /* Checker.swift */; };
		8444AA6228B4B859005BB8FF /* LoginFactory.swift in Sources */ = {isa = PBXBuildFile; fileRef = 8444AA6128B4B859005BB8FF /* LoginFactory.swift */; };
		8444AA6428B4B891005BB8FF /* MyLoginFactory.swift in Sources */ = {isa = PBXBuildFile; fileRef = 8444AA6328B4B891005BB8FF /* MyLoginFactory.swift */; };
		8444AA6628B4B90A005BB8FF /* TestUserService.swift in Sources */ = {isa = PBXBuildFile; fileRef = 8444AA6528B4B90A005BB8FF /* TestUserService.swift */; };
		8453ACB428F1306400E9B6F5 /* AlbumsNew.swift in Sources */ = {isa = PBXBuildFile; fileRef = 8453ACB328F1306400E9B6F5 /* AlbumsNew.swift */; };
		845CF25228CB955800EECCAF /* SecondPostViewController.swift in Sources */ = {isa = PBXBuildFile; fileRef = 845CF25128CB955800EECCAF /* SecondPostViewController.swift */; };
		8463E5E528D7A06300D80D2B /* SettingsViewController.swift in Sources */ = {isa = PBXBuildFile; fileRef = 8463E5E428D7A06300D80D2B /* SettingsViewController.swift */; };
		847409A128C36E6F00CBA34A /* SplashView.swift in Sources */ = {isa = PBXBuildFile; fileRef = 847409A028C36E6F00CBA34A /* SplashView.swift */; };
		84783D2828D4D02C009E5872 /* ProfileImageView.swift in Sources */ = {isa = PBXBuildFile; fileRef = 84783D2728D4D02B009E5872 /* ProfileImageView.swift */; };
		849BA4F228F8C90500D3B5D2 /* InfoView.swift in Sources */ = {isa = PBXBuildFile; fileRef = 849BA4F128F8C90500D3B5D2 /* InfoView.swift */; };
		849BA4F528F9EB5800D3B5D2 /* GoogleService-Info.plist in Resources */ = {isa = PBXBuildFile; fileRef = 849BA4F428F9EB5700D3B5D2 /* GoogleService-Info.plist */; };
		849BA4F828F9F09700D3B5D2 /* FirebaseAuth in Frameworks */ = {isa = PBXBuildFile; productRef = 849BA4F728F9F09700D3B5D2 /* FirebaseAuth */; };
		849BA4FC28FA2DED00D3B5D2 /* RegistratonViewController.swift in Sources */ = {isa = PBXBuildFile; fileRef = 849BA4FB28FA2DED00D3B5D2 /* RegistratonViewController.swift */; };
		849BA4FE28FA37D600D3B5D2 /* RegistrationView.swift in Sources */ = {isa = PBXBuildFile; fileRef = 849BA4FD28FA37D600D3B5D2 /* RegistrationView.swift */; };
		84AF3ADA28ED32790014E64D /* AlbumMusic.swift in Sources */ = {isa = PBXBuildFile; fileRef = 84AF3AD928ED32790014E64D /* AlbumMusic.swift */; };
		84AF3ADC28ED34620014E64D /* Catalog.swift in Sources */ = {isa = PBXBuildFile; fileRef = 84AF3ADB28ED34620014E64D /* Catalog.swift */; };
		84AF3ADE28ED372E0014E64D /* MusicViewController.swift in Sources */ = {isa = PBXBuildFile; fileRef = 84AF3ADD28ED372E0014E64D /* MusicViewController.swift */; };
		84AF3AE028ED377A0014E64D /* AlbumCell.swift in Sources */ = {isa = PBXBuildFile; fileRef = 84AF3ADF28ED377A0014E64D /* AlbumCell.swift */; };
		84AF3AE228ED38090014E64D /* DetailViewController.swift in Sources */ = {isa = PBXBuildFile; fileRef = 84AF3AE128ED38090014E64D /* DetailViewController.swift */; };
		84AF3AE428ED388A0014E64D /* DetailCell.swift in Sources */ = {isa = PBXBuildFile; fileRef = 84AF3AE328ED388A0014E64D /* DetailCell.swift */; };
		84B259E428D8EBC80024648F /* ProfilePostViewController.swift in Sources */ = {isa = PBXBuildFile; fileRef = 84B259E328D8EBC80024648F /* ProfilePostViewController.swift */; };
		84BC755D28EFD38E00339BFE /* NetworkService.swift in Sources */ = {isa = PBXBuildFile; fileRef = 84BC755C28EFD38E00339BFE /* NetworkService.swift */; };
		84C5FFB228B5040300C01CC9 /* CustomButton.swift in Sources */ = {isa = PBXBuildFile; fileRef = 84C5FFB128B5040300C01CC9 /* CustomButton.swift */; };
		84CA386728C095E100EECD6D /* ControllersFactory.swift in Sources */ = {isa = PBXBuildFile; fileRef = 84CA386628C095E100EECD6D /* ControllersFactory.swift */; };
		84CA386928C0965400EECD6D /* FeedFlowCoordinator.swift in Sources */ = {isa = PBXBuildFile; fileRef = 84CA386828C0965400EECD6D /* FeedFlowCoordinator.swift */; };
		84CA386B28C096A400EECD6D /* ProfileFlowCoordinator.swift in Sources */ = {isa = PBXBuildFile; fileRef = 84CA386A28C096A400EECD6D /* ProfileFlowCoordinator.swift */; };
		84CA386D28C0977600EECD6D /* MainCoordinator.swift in Sources */ = {isa = PBXBuildFile; fileRef = 84CA386C28C0977600EECD6D /* MainCoordinator.swift */; };
		84CA386F28C09E0B00EECD6D /* LoginViewModel.swift in Sources */ = {isa = PBXBuildFile; fileRef = 84CA386E28C09E0B00EECD6D /* LoginViewModel.swift */; };
		84CA387128C09F5500EECD6D /* LoginView.swift in Sources */ = {isa = PBXBuildFile; fileRef = 84CA387028C09F5500EECD6D /* LoginView.swift */; };
		84CA387928C324B400EECD6D /* ExtensionPassword.swift in Sources */ = {isa = PBXBuildFile; fileRef = 84CA387828C324B400EECD6D /* ExtensionPassword.swift */; };
		84CF1A3428BCBBCD000FF0D8 /* FeedView.swift in Sources */ = {isa = PBXBuildFile; fileRef = 84CF1A3328BCBBCD000FF0D8 /* FeedView.swift */; };
		84CF1A3628BCBC3D000FF0D8 /* CustomTextField.swift in Sources */ = {isa = PBXBuildFile; fileRef = 84CF1A3528BCBC3D000FF0D8 /* CustomTextField.swift */; };
		84CF1A3828BCBCD7000FF0D8 /* FeedModel.swift in Sources */ = {isa = PBXBuildFile; fileRef = 84CF1A3728BCBCD7000FF0D8 /* FeedModel.swift */; };
		84CF1A3A28BCBD0F000FF0D8 /* NotificationName.swift in Sources */ = {isa = PBXBuildFile; fileRef = 84CF1A3928BCBD0F000FF0D8 /* NotificationName.swift */; };
		84DC23C928B47FCF0091F0D5 /* User.swift in Sources */ = {isa = PBXBuildFile; fileRef = 84DC23C828B47FCF0091F0D5 /* User.swift */; };
		84E3FDA128E2C77700B42B1D /* Player.swift in Sources */ = {isa = PBXBuildFile; fileRef = 84E3FDA028E2C77700B42B1D /* Player.swift */; };
		84E3FDA328E2E1EA00B42B1D /* Song.swift in Sources */ = {isa = PBXBuildFile; fileRef = 84E3FDA228E2E1EA00B42B1D /* Song.swift */; };
		84E3FDA528E34DDA00B42B1D /* PlayerViewController.swift in Sources */ = {isa = PBXBuildFile; fileRef = 84E3FDA428E34DDA00B42B1D /* PlayerViewController.swift */; };
		84E3FDA728E34E5300B42B1D /* Album.swift in Sources */ = {isa = PBXBuildFile; fileRef = 84E3FDA628E34E5300B42B1D /* Album.swift */; };
		84E3FDB128E3587400B42B1D /* AlbumTableViewCell.swift in Sources */ = {isa = PBXBuildFile; fileRef = 84E3FDB028E3587400B42B1D /* AlbumTableViewCell.swift */; };
		84E3FDB528E362AC00B42B1D /* MediaPlayer.swift in Sources */ = {isa = PBXBuildFile; fileRef = 84E3FDB428E362AC00B42B1D /* MediaPlayer.swift */; };
		84E3FDB728E551B500B42B1D /* MediaPlayerViewController.swift in Sources */ = {isa = PBXBuildFile; fileRef = 84E3FDB628E551B500B42B1D /* MediaPlayerViewController.swift */; };
		84E3FDC628E5B94D00B42B1D /* Wedding Day.mp3 in Resources */ = {isa = PBXBuildFile; fileRef = 84E3FDB928E5B93D00B42B1D /* Wedding Day.mp3 */; };
		84E3FDC728E5B94D00B42B1D /* Who Do You Blame.mp3 in Resources */ = {isa = PBXBuildFile; fileRef = 84E3FDBA28E5B93E00B42B1D /* Who Do You Blame.mp3 */; };
		84E3FDC828E5B94D00B42B1D /* 94 Bentley.mp3 in Resources */ = {isa = PBXBuildFile; fileRef = 84E3FDBB28E5B94000B42B1D /* 94 Bentley.mp3 */; };
		84E3FDC928E5B94D00B42B1D /* Borders.mp3 in Resources */ = {isa = PBXBuildFile; fileRef = 84E3FDBC28E5B94100B42B1D /* Borders.mp3 */; };
		84E3FDCA28E5B94D00B42B1D /* Thousand.mp3 in Resources */ = {isa = PBXBuildFile; fileRef = 84E3FDBD28E5B94300B42B1D /* Thousand.mp3 */; };
		84E3FDCB28E5B94D00B42B1D /* Cult4Ever.mp3 in Resources */ = {isa = PBXBuildFile; fileRef = 84E3FDBE28E5B94400B42B1D /* Cult4Ever.mp3 */; };
		84E3FDCC28E5B94D00B42B1D /* Anything Can Happen.mp3 in Resources */ = {isa = PBXBuildFile; fileRef = 84E3FDBF28E5B94500B42B1D /* Anything Can Happen.mp3 */; };
		84E3FDCD28E5B94D00B42B1D /* Trophies.mp3 in Resources */ = {isa = PBXBuildFile; fileRef = 84E3FDC028E5B94700B42B1D /* Trophies.mp3 */; };
		84E3FDCE28E5B94D00B42B1D /* Monica Lewinsky.mp3 in Resources */ = {isa = PBXBuildFile; fileRef = 84E3FDC128E5B94800B42B1D /* Monica Lewinsky.mp3 */; };
		84E3FDCF28E5B94D00B42B1D /* Call Me After You Hear This.mp3 in Resources */ = {isa = PBXBuildFile; fileRef = 84E3FDC228E5B94900B42B1D /* Call Me After You Hear This.mp3 */; };
		84E3FDD028E5B94D00B42B1D /* All I Want is A Yacht.mp3 in Resources */ = {isa = PBXBuildFile; fileRef = 84E3FDC328E5B94A00B42B1D /* All I Want is A Yacht.mp3 */; };
		84E3FDD128E5B94D00B42B1D /* High School Reunion.mp3 in Resources */ = {isa = PBXBuildFile; fileRef = 84E3FDC428E5B94B00B42B1D /* High School Reunion.mp3 */; };
		84E3FDD228E5B94D00B42B1D /* I Can Fvcking Tell.mp3 in Resources */ = {isa = PBXBuildFile; fileRef = 84E3FDC528E5B94D00B42B1D /* I Can Fvcking Tell.mp3 */; };
		84E3FDE128E5BBC600B42B1D /* Roses Remix.mp3 in Resources */ = {isa = PBXBuildFile; fileRef = 84E3FDD428E5BBB300B42B1D /* Roses Remix.mp3 */; };
		84E3FDE228E5BBC600B42B1D /* Freedom Is Priceless.mp3 in Resources */ = {isa = PBXBuildFile; fileRef = 84E3FDD528E5BBB400B42B1D /* Freedom Is Priceless.mp3 */; };
		84E3FDE328E5BBC600B42B1D /* Ransom.mp3 in Resources */ = {isa = PBXBuildFile; fileRef = 84E3FDD628E5BBB600B42B1D /* Ransom.mp3 */; };
		84E3FDE428E5BBC600B42B1D /* Sucks To Be You.mp3 in Resources */ = {isa = PBXBuildFile; fileRef = 84E3FDD728E5BBB700B42B1D /* Sucks To Be You.mp3 */; };
		84E3FDE528E5BBC600B42B1D /* Quarantine Wifey.mp3 in Resources */ = {isa = PBXBuildFile; fileRef = 84E3FDD828E5BBB900B42B1D /* Quarantine Wifey.mp3 */; };
		84E3FDE628E5BBC600B42B1D /* Time For Demons.mp3 in Resources */ = {isa = PBXBuildFile; fileRef = 84E3FDD928E5BBBA00B42B1D /* Time For Demons.mp3 */; };
		84E3FDE728E5BBC600B42B1D /* Pray 4 Me.mp3 in Resources */ = {isa = PBXBuildFile; fileRef = 84E3FDDA28E5BBBB00B42B1D /* Pray 4 Me.mp3 */; };
		84E3FDE828E5BBC600B42B1D /* High School Reunion Prom.mp3 in Resources */ = {isa = PBXBuildFile; fileRef = 84E3FDDB28E5BBBD00B42B1D /* High School Reunion Prom.mp3 */; };
		84E3FDE928E5BBC600B42B1D /* Back On The Ledge.mp3 in Resources */ = {isa = PBXBuildFile; fileRef = 84E3FDDC28E5BBBF00B42B1D /* Back On The Ledge.mp3 */; };
		84E3FDEA28E5BBC600B42B1D /* Smack DVD.mp3 in Resources */ = {isa = PBXBuildFile; fileRef = 84E3FDDD28E5BBC100B42B1D /* Smack DVD.mp3 */; };
		84E3FDEB28E5BBC600B42B1D /* Switching Sides.mp3 in Resources */ = {isa = PBXBuildFile; fileRef = 84E3FDDE28E5BBC200B42B1D /* Switching Sides.mp3 */; };
		84E3FDEC28E5BBC600B42B1D /* Gorgeous.mp3 in Resources */ = {isa = PBXBuildFile; fileRef = 84E3FDDF28E5BBC400B42B1D /* Gorgeous.mp3 */; };
		84E3FDED28E5BBC600B42B1D /* Monica Lewinsky Election Year.mp3 in Resources */ = {isa = PBXBuildFile; fileRef = 84E3FDE028E5BBC600B42B1D /* Monica Lewinsky Election Year.mp3 */; };
		84E3FDEE28E5FFAC00B42B1D /* Post.swift in Sources */ = {isa = PBXBuildFile; fileRef = 84061E0528B1683700B5AB47 /* Post.swift */; };
		84E3FDF028E697C900B42B1D /* SongListViewController.swift in Sources */ = {isa = PBXBuildFile; fileRef = 84E3FDEF28E697C900B42B1D /* SongListViewController.swift */; };
		84E3FDF228E6981800B42B1D /* SongListTableViewCell.swift in Sources */ = {isa = PBXBuildFile; fileRef = 84E3FDF128E6981800B42B1D /* SongListTableViewCell.swift */; };
		84FFB5E228F1A91A008AB649 /* PlayerNew.swift in Sources */ = {isa = PBXBuildFile; fileRef = 84FFB5E128F1A91A008AB649 /* PlayerNew.swift */; };
/* End PBXBuildFile section */

/* Begin PBXCopyFilesBuildPhase section */
		84061E2E28B16D6100B5AB47 /* Embed Frameworks */ = {
			isa = PBXCopyFilesBuildPhase;
			buildActionMask = 2147483647;
			dstPath = "";
			dstSubfolderSpec = 10;
			files = (
			);
			name = "Embed Frameworks";
			runOnlyForDeploymentPostprocessing = 0;
		};
/* End PBXCopyFilesBuildPhase section */

/* Begin PBXFileReference section */
		8403230028C679EC009BCD8E /* MainTabBarController.swift */ = {isa = PBXFileReference; lastKnownFileType = sourcecode.swift; path = MainTabBarController.swift; sourceTree = "<group>"; };
		84061DE628B161FE00B5AB47 /* NavigationVK.app */ = {isa = PBXFileReference; explicitFileType = wrapper.application; includeInIndex = 0; path = NavigationVK.app; sourceTree = BUILT_PRODUCTS_DIR; };
		84061DE928B161FE00B5AB47 /* AppDelegate.swift */ = {isa = PBXFileReference; lastKnownFileType = sourcecode.swift; path = AppDelegate.swift; sourceTree = "<group>"; };
		84061DEB28B161FE00B5AB47 /* SceneDelegate.swift */ = {isa = PBXFileReference; lastKnownFileType = sourcecode.swift; path = SceneDelegate.swift; sourceTree = "<group>"; };
		84061DF228B1620600B5AB47 /* Assets.xcassets */ = {isa = PBXFileReference; lastKnownFileType = folder.assetcatalog; path = Assets.xcassets; sourceTree = "<group>"; };
		84061DF528B1620600B5AB47 /* Base */ = {isa = PBXFileReference; lastKnownFileType = file.storyboard; name = Base; path = Base.lproj/LaunchScreen.storyboard; sourceTree = "<group>"; };
		84061DF728B1620600B5AB47 /* Info.plist */ = {isa = PBXFileReference; lastKnownFileType = text.plist.xml; path = Info.plist; sourceTree = "<group>"; };
		84061DFE28B1665000B5AB47 /* ProfileViewController.swift */ = {isa = PBXFileReference; lastKnownFileType = sourcecode.swift; path = ProfileViewController.swift; sourceTree = "<group>"; };
		84061E0028B1669A00B5AB47 /* ProfileHeaderView.swift */ = {isa = PBXFileReference; lastKnownFileType = sourcecode.swift; path = ProfileHeaderView.swift; sourceTree = "<group>"; };
		84061E0228B167C800B5AB47 /* LoginViewController.swift */ = {isa = PBXFileReference; lastKnownFileType = sourcecode.swift; path = LoginViewController.swift; sourceTree = "<group>"; };
		84061E0528B1683700B5AB47 /* Post.swift */ = {isa = PBXFileReference; lastKnownFileType = sourcecode.swift; path = Post.swift; sourceTree = "<group>"; };
		84061E0828B168CD00B5AB47 /* FeedViewController.swift */ = {isa = PBXFileReference; lastKnownFileType = sourcecode.swift; path = FeedViewController.swift; sourceTree = "<group>"; };
		84061E0A28B1690D00B5AB47 /* InfoViewController.swift */ = {isa = PBXFileReference; lastKnownFileType = sourcecode.swift; path = InfoViewController.swift; sourceTree = "<group>"; };
		84061E0C28B1692D00B5AB47 /* PostViewController.swift */ = {isa = PBXFileReference; lastKnownFileType = sourcecode.swift; path = PostViewController.swift; sourceTree = "<group>"; };
		84061E0E28B169A200B5AB47 /* CustomCollectionViewCell.swift */ = {isa = PBXFileReference; lastKnownFileType = sourcecode.swift; path = CustomCollectionViewCell.swift; sourceTree = "<group>"; };
		84061E1028B169D700B5AB47 /* Photos.swift */ = {isa = PBXFileReference; lastKnownFileType = sourcecode.swift; path = Photos.swift; sourceTree = "<group>"; };
		84061E1228B169FE00B5AB47 /* PhotosCollectionViewCell.swift */ = {isa = PBXFileReference; lastKnownFileType = sourcecode.swift; path = PhotosCollectionViewCell.swift; sourceTree = "<group>"; };
		84061E1428B16A3100B5AB47 /* PostStruct.swift */ = {isa = PBXFileReference; lastKnownFileType = sourcecode.swift; path = PostStruct.swift; sourceTree = "<group>"; };
		84061E1628B16A5900B5AB47 /* PhotosViewController.swift */ = {isa = PBXFileReference; lastKnownFileType = sourcecode.swift; path = PhotosViewController.swift; sourceTree = "<group>"; };
		84061E1828B16AB700B5AB47 /* PhotosTableViewCell.swift */ = {isa = PBXFileReference; lastKnownFileType = sourcecode.swift; path = PhotosTableViewCell.swift; sourceTree = "<group>"; };
		84061E1A28B16AEA00B5AB47 /* PostTableViewCell.swift */ = {isa = PBXFileReference; lastKnownFileType = sourcecode.swift; path = PostTableViewCell.swift; sourceTree = "<group>"; };
		8444AA5828B493A4005BB8FF /* UserService.swift */ = {isa = PBXFileReference; lastKnownFileType = sourcecode.swift; path = UserService.swift; sourceTree = "<group>"; };
		8444AA5A28B495B7005BB8FF /* CurrentUserService.swift */ = {isa = PBXFileReference; lastKnownFileType = sourcecode.swift; path = CurrentUserService.swift; sourceTree = "<group>"; };
		8444AA5D28B4B6E7005BB8FF /* LoginInspector.swift */ = {isa = PBXFileReference; lastKnownFileType = sourcecode.swift; path = LoginInspector.swift; sourceTree = "<group>"; };
		8444AA5F28B4B76E005BB8FF /* Checker.swift */ = {isa = PBXFileReference; lastKnownFileType = sourcecode.swift; path = Checker.swift; sourceTree = "<group>"; };
		8444AA6128B4B859005BB8FF /* LoginFactory.swift */ = {isa = PBXFileReference; lastKnownFileType = sourcecode.swift; path = LoginFactory.swift; sourceTree = "<group>"; };
		8444AA6328B4B891005BB8FF /* MyLoginFactory.swift */ = {isa = PBXFileReference; lastKnownFileType = sourcecode.swift; path = MyLoginFactory.swift; sourceTree = "<group>"; };
		8444AA6528B4B90A005BB8FF /* TestUserService.swift */ = {isa = PBXFileReference; lastKnownFileType = sourcecode.swift; path = TestUserService.swift; sourceTree = "<group>"; };
		8453ACB328F1306400E9B6F5 /* AlbumsNew.swift */ = {isa = PBXFileReference; lastKnownFileType = sourcecode.swift; path = AlbumsNew.swift; sourceTree = "<group>"; };
		845CF25128CB955800EECCAF /* SecondPostViewController.swift */ = {isa = PBXFileReference; lastKnownFileType = sourcecode.swift; path = SecondPostViewController.swift; sourceTree = "<group>"; };
		8463E5E428D7A06300D80D2B /* SettingsViewController.swift */ = {isa = PBXFileReference; lastKnownFileType = sourcecode.swift; path = SettingsViewController.swift; sourceTree = "<group>"; };
		847409A028C36E6F00CBA34A /* SplashView.swift */ = {isa = PBXFileReference; lastKnownFileType = sourcecode.swift; path = SplashView.swift; sourceTree = "<group>"; };
		84783D2728D4D02B009E5872 /* ProfileImageView.swift */ = {isa = PBXFileReference; lastKnownFileType = sourcecode.swift; path = ProfileImageView.swift; sourceTree = "<group>"; };
		849BA4F128F8C90500D3B5D2 /* InfoView.swift */ = {isa = PBXFileReference; lastKnownFileType = sourcecode.swift; path = InfoView.swift; sourceTree = "<group>"; };
		849BA4F428F9EB5700D3B5D2 /* GoogleService-Info.plist */ = {isa = PBXFileReference; fileEncoding = 4; lastKnownFileType = text.plist.xml; path = "GoogleService-Info.plist"; sourceTree = "<group>"; };
		849BA4FB28FA2DED00D3B5D2 /* RegistratonViewController.swift */ = {isa = PBXFileReference; lastKnownFileType = sourcecode.swift; path = RegistratonViewController.swift; sourceTree = "<group>"; };
		849BA4FD28FA37D600D3B5D2 /* RegistrationView.swift */ = {isa = PBXFileReference; lastKnownFileType = sourcecode.swift; path = RegistrationView.swift; sourceTree = "<group>"; };
		84AF3AD928ED32790014E64D /* AlbumMusic.swift */ = {isa = PBXFileReference; lastKnownFileType = sourcecode.swift; path = AlbumMusic.swift; sourceTree = "<group>"; };
		84AF3ADB28ED34620014E64D /* Catalog.swift */ = {isa = PBXFileReference; lastKnownFileType = sourcecode.swift; path = Catalog.swift; sourceTree = "<group>"; };
		84AF3ADD28ED372E0014E64D /* MusicViewController.swift */ = {isa = PBXFileReference; lastKnownFileType = sourcecode.swift; path = MusicViewController.swift; sourceTree = "<group>"; };
		84AF3ADF28ED377A0014E64D /* AlbumCell.swift */ = {isa = PBXFileReference; lastKnownFileType = sourcecode.swift; path = AlbumCell.swift; sourceTree = "<group>"; };
		84AF3AE128ED38090014E64D /* DetailViewController.swift */ = {isa = PBXFileReference; lastKnownFileType = sourcecode.swift; path = DetailViewController.swift; sourceTree = "<group>"; };
		84AF3AE328ED388A0014E64D /* DetailCell.swift */ = {isa = PBXFileReference; lastKnownFileType = sourcecode.swift; path = DetailCell.swift; sourceTree = "<group>"; };
		84B259E328D8EBC80024648F /* ProfilePostViewController.swift */ = {isa = PBXFileReference; lastKnownFileType = sourcecode.swift; path = ProfilePostViewController.swift; sourceTree = "<group>"; };
		84BC755C28EFD38E00339BFE /* NetworkService.swift */ = {isa = PBXFileReference; lastKnownFileType = sourcecode.swift; path = NetworkService.swift; sourceTree = "<group>"; };
		84C5FFB128B5040300C01CC9 /* CustomButton.swift */ = {isa = PBXFileReference; lastKnownFileType = sourcecode.swift; path = CustomButton.swift; sourceTree = "<group>"; };
		84CA386628C095E100EECD6D /* ControllersFactory.swift */ = {isa = PBXFileReference; lastKnownFileType = sourcecode.swift; path = ControllersFactory.swift; sourceTree = "<group>"; };
		84CA386828C0965400EECD6D /* FeedFlowCoordinator.swift */ = {isa = PBXFileReference; lastKnownFileType = sourcecode.swift; path = FeedFlowCoordinator.swift; sourceTree = "<group>"; };
		84CA386A28C096A400EECD6D /* ProfileFlowCoordinator.swift */ = {isa = PBXFileReference; lastKnownFileType = sourcecode.swift; path = ProfileFlowCoordinator.swift; sourceTree = "<group>"; };
		84CA386C28C0977600EECD6D /* MainCoordinator.swift */ = {isa = PBXFileReference; lastKnownFileType = sourcecode.swift; path = MainCoordinator.swift; sourceTree = "<group>"; };
		84CA386E28C09E0B00EECD6D /* LoginViewModel.swift */ = {isa = PBXFileReference; lastKnownFileType = sourcecode.swift; path = LoginViewModel.swift; sourceTree = "<group>"; };
		84CA387028C09F5500EECD6D /* LoginView.swift */ = {isa = PBXFileReference; lastKnownFileType = sourcecode.swift; path = LoginView.swift; sourceTree = "<group>"; };
		84CA387828C324B400EECD6D /* ExtensionPassword.swift */ = {isa = PBXFileReference; lastKnownFileType = sourcecode.swift; path = ExtensionPassword.swift; sourceTree = "<group>"; };
		84CF1A3328BCBBCD000FF0D8 /* FeedView.swift */ = {isa = PBXFileReference; lastKnownFileType = sourcecode.swift; path = FeedView.swift; sourceTree = "<group>"; };
		84CF1A3528BCBC3D000FF0D8 /* CustomTextField.swift */ = {isa = PBXFileReference; lastKnownFileType = sourcecode.swift; path = CustomTextField.swift; sourceTree = "<group>"; };
		84CF1A3728BCBCD7000FF0D8 /* FeedModel.swift */ = {isa = PBXFileReference; lastKnownFileType = sourcecode.swift; path = FeedModel.swift; sourceTree = "<group>"; };
		84CF1A3928BCBD0F000FF0D8 /* NotificationName.swift */ = {isa = PBXFileReference; lastKnownFileType = sourcecode.swift; path = NotificationName.swift; sourceTree = "<group>"; };
		84DC23C828B47FCF0091F0D5 /* User.swift */ = {isa = PBXFileReference; lastKnownFileType = sourcecode.swift; path = User.swift; sourceTree = "<group>"; };
		84E3FDA028E2C77700B42B1D /* Player.swift */ = {isa = PBXFileReference; lastKnownFileType = sourcecode.swift; path = Player.swift; sourceTree = "<group>"; };
		84E3FDA228E2E1EA00B42B1D /* Song.swift */ = {isa = PBXFileReference; lastKnownFileType = sourcecode.swift; path = Song.swift; sourceTree = "<group>"; };
		84E3FDA428E34DDA00B42B1D /* PlayerViewController.swift */ = {isa = PBXFileReference; lastKnownFileType = sourcecode.swift; path = PlayerViewController.swift; sourceTree = "<group>"; };
		84E3FDA628E34E5300B42B1D /* Album.swift */ = {isa = PBXFileReference; lastKnownFileType = sourcecode.swift; path = Album.swift; sourceTree = "<group>"; };
		84E3FDB028E3587400B42B1D /* AlbumTableViewCell.swift */ = {isa = PBXFileReference; lastKnownFileType = sourcecode.swift; path = AlbumTableViewCell.swift; sourceTree = "<group>"; };
		84E3FDB428E362AC00B42B1D /* MediaPlayer.swift */ = {isa = PBXFileReference; lastKnownFileType = sourcecode.swift; path = MediaPlayer.swift; sourceTree = "<group>"; };
		84E3FDB628E551B500B42B1D /* MediaPlayerViewController.swift */ = {isa = PBXFileReference; lastKnownFileType = sourcecode.swift; path = MediaPlayerViewController.swift; sourceTree = "<group>"; };
		84E3FDB928E5B93D00B42B1D /* Wedding Day.mp3 */ = {isa = PBXFileReference; lastKnownFileType = audio.mp3; path = "Wedding Day.mp3"; sourceTree = "<group>"; };
		84E3FDBA28E5B93E00B42B1D /* Who Do You Blame.mp3 */ = {isa = PBXFileReference; lastKnownFileType = audio.mp3; path = "Who Do You Blame.mp3"; sourceTree = "<group>"; };
		84E3FDBB28E5B94000B42B1D /* 94 Bentley.mp3 */ = {isa = PBXFileReference; lastKnownFileType = audio.mp3; path = "94 Bentley.mp3"; sourceTree = "<group>"; };
		84E3FDBC28E5B94100B42B1D /* Borders.mp3 */ = {isa = PBXFileReference; lastKnownFileType = audio.mp3; path = Borders.mp3; sourceTree = "<group>"; };
		84E3FDBD28E5B94300B42B1D /* Thousand.mp3 */ = {isa = PBXFileReference; lastKnownFileType = audio.mp3; path = Thousand.mp3; sourceTree = "<group>"; };
		84E3FDBE28E5B94400B42B1D /* Cult4Ever.mp3 */ = {isa = PBXFileReference; lastKnownFileType = audio.mp3; path = Cult4Ever.mp3; sourceTree = "<group>"; };
		84E3FDBF28E5B94500B42B1D /* Anything Can Happen.mp3 */ = {isa = PBXFileReference; lastKnownFileType = audio.mp3; path = "Anything Can Happen.mp3"; sourceTree = "<group>"; };
		84E3FDC028E5B94700B42B1D /* Trophies.mp3 */ = {isa = PBXFileReference; lastKnownFileType = audio.mp3; path = Trophies.mp3; sourceTree = "<group>"; };
		84E3FDC128E5B94800B42B1D /* Monica Lewinsky.mp3 */ = {isa = PBXFileReference; lastKnownFileType = audio.mp3; path = "Monica Lewinsky.mp3"; sourceTree = "<group>"; };
		84E3FDC228E5B94900B42B1D /* Call Me After You Hear This.mp3 */ = {isa = PBXFileReference; lastKnownFileType = audio.mp3; path = "Call Me After You Hear This.mp3"; sourceTree = "<group>"; };
		84E3FDC328E5B94A00B42B1D /* All I Want is A Yacht.mp3 */ = {isa = PBXFileReference; lastKnownFileType = audio.mp3; path = "All I Want is A Yacht.mp3"; sourceTree = "<group>"; };
		84E3FDC428E5B94B00B42B1D /* High School Reunion.mp3 */ = {isa = PBXFileReference; lastKnownFileType = audio.mp3; path = "High School Reunion.mp3"; sourceTree = "<group>"; };
		84E3FDC528E5B94D00B42B1D /* I Can Fvcking Tell.mp3 */ = {isa = PBXFileReference; lastKnownFileType = audio.mp3; path = "I Can Fvcking Tell.mp3"; sourceTree = "<group>"; };
		84E3FDD428E5BBB300B42B1D /* Roses Remix.mp3 */ = {isa = PBXFileReference; lastKnownFileType = audio.mp3; path = "Roses Remix.mp3"; sourceTree = "<group>"; };
		84E3FDD528E5BBB400B42B1D /* Freedom Is Priceless.mp3 */ = {isa = PBXFileReference; lastKnownFileType = audio.mp3; path = "Freedom Is Priceless.mp3"; sourceTree = "<group>"; };
		84E3FDD628E5BBB600B42B1D /* Ransom.mp3 */ = {isa = PBXFileReference; lastKnownFileType = audio.mp3; path = Ransom.mp3; sourceTree = "<group>"; };
		84E3FDD728E5BBB700B42B1D /* Sucks To Be You.mp3 */ = {isa = PBXFileReference; lastKnownFileType = audio.mp3; path = "Sucks To Be You.mp3"; sourceTree = "<group>"; };
		84E3FDD828E5BBB900B42B1D /* Quarantine Wifey.mp3 */ = {isa = PBXFileReference; lastKnownFileType = audio.mp3; path = "Quarantine Wifey.mp3"; sourceTree = "<group>"; };
		84E3FDD928E5BBBA00B42B1D /* Time For Demons.mp3 */ = {isa = PBXFileReference; lastKnownFileType = audio.mp3; path = "Time For Demons.mp3"; sourceTree = "<group>"; };
		84E3FDDA28E5BBBB00B42B1D /* Pray 4 Me.mp3 */ = {isa = PBXFileReference; lastKnownFileType = audio.mp3; path = "Pray 4 Me.mp3"; sourceTree = "<group>"; };
		84E3FDDB28E5BBBD00B42B1D /* High School Reunion Prom.mp3 */ = {isa = PBXFileReference; lastKnownFileType = audio.mp3; path = "High School Reunion Prom.mp3"; sourceTree = "<group>"; };
		84E3FDDC28E5BBBF00B42B1D /* Back On The Ledge.mp3 */ = {isa = PBXFileReference; lastKnownFileType = audio.mp3; path = "Back On The Ledge.mp3"; sourceTree = "<group>"; };
		84E3FDDD28E5BBC100B42B1D /* Smack DVD.mp3 */ = {isa = PBXFileReference; lastKnownFileType = audio.mp3; path = "Smack DVD.mp3"; sourceTree = "<group>"; };
		84E3FDDE28E5BBC200B42B1D /* Switching Sides.mp3 */ = {isa = PBXFileReference; lastKnownFileType = audio.mp3; path = "Switching Sides.mp3"; sourceTree = "<group>"; };
		84E3FDDF28E5BBC400B42B1D /* Gorgeous.mp3 */ = {isa = PBXFileReference; lastKnownFileType = audio.mp3; path = Gorgeous.mp3; sourceTree = "<group>"; };
		84E3FDE028E5BBC600B42B1D /* Monica Lewinsky Election Year.mp3 */ = {isa = PBXFileReference; lastKnownFileType = audio.mp3; path = "Monica Lewinsky Election Year.mp3"; sourceTree = "<group>"; };
		84E3FDEF28E697C900B42B1D /* SongListViewController.swift */ = {isa = PBXFileReference; lastKnownFileType = sourcecode.swift; path = SongListViewController.swift; sourceTree = "<group>"; };
		84E3FDF128E6981800B42B1D /* SongListTableViewCell.swift */ = {isa = PBXFileReference; lastKnownFileType = sourcecode.swift; path = SongListTableViewCell.swift; sourceTree = "<group>"; };
		84FFB5E128F1A91A008AB649 /* PlayerNew.swift */ = {isa = PBXFileReference; lastKnownFileType = sourcecode.swift; path = PlayerNew.swift; sourceTree = "<group>"; };
/* End PBXFileReference section */

/* Begin PBXFrameworksBuildPhase section */
		84061DE328B161FE00B5AB47 /* Frameworks */ = {
			isa = PBXFrameworksBuildPhase;
			buildActionMask = 2147483647;
			files = (
				849BA4F828F9F09700D3B5D2 /* FirebaseAuth in Frameworks */,
			);
			runOnlyForDeploymentPostprocessing = 0;
		};
/* End PBXFrameworksBuildPhase section */

/* Begin PBXGroup section */
		84061DDD28B161FE00B5AB47 = {
			isa = PBXGroup;
			children = (
				84061DE828B161FE00B5AB47 /* NavigationVK */,
				84061DE728B161FE00B5AB47 /* Products */,
			);
			sourceTree = "<group>";
		};
		84061DE728B161FE00B5AB47 /* Products */ = {
			isa = PBXGroup;
			children = (
				84061DE628B161FE00B5AB47 /* NavigationVK.app */,
			);
			name = Products;
			sourceTree = "<group>";
		};
		84061DE828B161FE00B5AB47 /* NavigationVK */ = {
			isa = PBXGroup;
			children = (
				849BA4F428F9EB5700D3B5D2 /* GoogleService-Info.plist */,
				849BA4F328F9816900D3B5D2 /* InfoGroup */,
				84E3FDB828E5B87100B42B1D /* Ghetto Lenny */,
				84E3FDD328E5BB9E00B42B1D /* While The World Was Burning */,
				84AF3AD828ED324D0014E64D /* Music Not Job */,
				84E3FDB328E3625A00B42B1D /* MyPlayer */,
				84E3FDB228E3624400B42B1D /* FirstPlayer */,
				84061DF428B1620600B5AB47 /* LaunchScreen.storyboard */,
				84061DF728B1620600B5AB47 /* Info.plist */,
				84061DF228B1620600B5AB47 /* Assets.xcassets */,
				849D70A128B6395700CE6807 /* Cells */,
				84061E0728B168AD00B5AB47 /* Controllers */,
				84CA387228C0A1E300EECD6D /* Coordinator */,
				84CA387528C0A2CA00EECD6D /* CustomElements */,
				8474099F28C361CC00CBA34A /* Extensions-Struct-Other */,
				84CA387428C0A29800EECD6D /* FeedGroup */,
				8444AA5C28B4B69B005BB8FF /* LoginGroup */,
				84CA387328C0A25E00EECD6D /* ProfileGroup */,
				849D70A028B6394400CE6807 /* Scene */,
				849D709F28B6383F00CE6807 /* Users */,
			);
			path = NavigationVK;
			sourceTree = "<group>";
		};
		84061E0728B168AD00B5AB47 /* Controllers */ = {
			isa = PBXGroup;
			children = (
				84061E1628B16A5900B5AB47 /* PhotosViewController.swift */,
				84061E0C28B1692D00B5AB47 /* PostViewController.swift */,
				845CF25128CB955800EECCAF /* SecondPostViewController.swift */,
				8463E5E428D7A06300D80D2B /* SettingsViewController.swift */,
			);
			path = Controllers;
			sourceTree = "<group>";
		};
		8444AA5C28B4B69B005BB8FF /* LoginGroup */ = {
			isa = PBXGroup;
			children = (
				84061E0228B167C800B5AB47 /* LoginViewController.swift */,
				84CA387028C09F5500EECD6D /* LoginView.swift */,
				84CA386E28C09E0B00EECD6D /* LoginViewModel.swift */,
				849BA4FB28FA2DED00D3B5D2 /* RegistratonViewController.swift */,
				849BA4FD28FA37D600D3B5D2 /* RegistrationView.swift */,
			);
			path = LoginGroup;
			sourceTree = "<group>";
		};
		8474099F28C361CC00CBA34A /* Extensions-Struct-Other */ = {
			isa = PBXGroup;
			children = (
				847409A028C36E6F00CBA34A /* SplashView.swift */,
				84BC755C28EFD38E00339BFE /* NetworkService.swift */,
				84CA386628C095E100EECD6D /* ControllersFactory.swift */,
				84061E0528B1683700B5AB47 /* Post.swift */,
				84061E1028B169D700B5AB47 /* Photos.swift */,
				84061E1428B16A3100B5AB47 /* PostStruct.swift */,
				84CF1A3928BCBD0F000FF0D8 /* NotificationName.swift */,
				84CA387828C324B400EECD6D /* ExtensionPassword.swift */,
				8403230028C679EC009BCD8E /* MainTabBarController.swift */,
			);
			path = "Extensions-Struct-Other";
			sourceTree = "<group>";
		};
		849BA4F328F9816900D3B5D2 /* InfoGroup */ = {
			isa = PBXGroup;
			children = (
				84061E0A28B1690D00B5AB47 /* InfoViewController.swift */,
				849BA4F128F8C90500D3B5D2 /* InfoView.swift */,
			);
			path = InfoGroup;
			sourceTree = "<group>";
		};
		849D709F28B6383F00CE6807 /* Users */ = {
			isa = PBXGroup;
			children = (
				8444AA6528B4B90A005BB8FF /* TestUserService.swift */,
				8444AA6328B4B891005BB8FF /* MyLoginFactory.swift */,
				8444AA6128B4B859005BB8FF /* LoginFactory.swift */,
				8444AA5F28B4B76E005BB8FF /* Checker.swift */,
				8444AA5D28B4B6E7005BB8FF /* LoginInspector.swift */,
				8444AA5A28B495B7005BB8FF /* CurrentUserService.swift */,
				8444AA5828B493A4005BB8FF /* UserService.swift */,
				84DC23C828B47FCF0091F0D5 /* User.swift */,
			);
			path = Users;
			sourceTree = "<group>";
		};
		849D70A028B6394400CE6807 /* Scene */ = {
			isa = PBXGroup;
			children = (
				84061DE928B161FE00B5AB47 /* AppDelegate.swift */,
				84061DEB28B161FE00B5AB47 /* SceneDelegate.swift */,
			);
			path = Scene;
			sourceTree = "<group>";
		};
		849D70A128B6395700CE6807 /* Cells */ = {
			isa = PBXGroup;
			children = (
				84061E0E28B169A200B5AB47 /* CustomCollectionViewCell.swift */,
				84061E1228B169FE00B5AB47 /* PhotosCollectionViewCell.swift */,
				84061E1828B16AB700B5AB47 /* PhotosTableViewCell.swift */,
				84061E1A28B16AEA00B5AB47 /* PostTableViewCell.swift */,
			);
			path = Cells;
			sourceTree = "<group>";
		};
		84AF3AD828ED324D0014E64D /* Music Not Job */ = {
			isa = PBXGroup;
			children = (
				84AF3AD928ED32790014E64D /* AlbumMusic.swift */,
				84AF3ADB28ED34620014E64D /* Catalog.swift */,
				84AF3ADD28ED372E0014E64D /* MusicViewController.swift */,
				84AF3ADF28ED377A0014E64D /* AlbumCell.swift */,
				84AF3AE128ED38090014E64D /* DetailViewController.swift */,
				84AF3AE328ED388A0014E64D /* DetailCell.swift */,
				84FFB5E128F1A91A008AB649 /* PlayerNew.swift */,
			);
			path = "Music Not Job";
			sourceTree = "<group>";
		};
		84CA387228C0A1E300EECD6D /* Coordinator */ = {
			isa = PBXGroup;
			children = (
				84CA386C28C0977600EECD6D /* MainCoordinator.swift */,
				84CA386A28C096A400EECD6D /* ProfileFlowCoordinator.swift */,
				84CA386828C0965400EECD6D /* FeedFlowCoordinator.swift */,
			);
			path = Coordinator;
			sourceTree = "<group>";
		};
		84CA387328C0A25E00EECD6D /* ProfileGroup */ = {
			isa = PBXGroup;
			children = (
				84061E0028B1669A00B5AB47 /* ProfileHeaderView.swift */,
				84061DFE28B1665000B5AB47 /* ProfileViewController.swift */,
				84783D2728D4D02B009E5872 /* ProfileImageView.swift */,
				84B259E328D8EBC80024648F /* ProfilePostViewController.swift */,
			);
			path = ProfileGroup;
			sourceTree = "<group>";
		};
		84CA387428C0A29800EECD6D /* FeedGroup */ = {
			isa = PBXGroup;
			children = (
				84CF1A3728BCBCD7000FF0D8 /* FeedModel.swift */,
				84CF1A3328BCBBCD000FF0D8 /* FeedView.swift */,
				84061E0828B168CD00B5AB47 /* FeedViewController.swift */,
			);
			path = FeedGroup;
			sourceTree = "<group>";
		};
		84CA387528C0A2CA00EECD6D /* CustomElements */ = {
			isa = PBXGroup;
			children = (
				84CF1A3528BCBC3D000FF0D8 /* CustomTextField.swift */,
				84C5FFB128B5040300C01CC9 /* CustomButton.swift */,
			);
			path = CustomElements;
			sourceTree = "<group>";
		};
		84E3FDB228E3624400B42B1D /* FirstPlayer */ = {
			isa = PBXGroup;
			children = (
				84E3FDA028E2C77700B42B1D /* Player.swift */,
			);
			path = FirstPlayer;
			sourceTree = "<group>";
		};
		84E3FDB328E3625A00B42B1D /* MyPlayer */ = {
			isa = PBXGroup;
			children = (
				84E3FDA628E34E5300B42B1D /* Album.swift */,
				84E3FDA428E34DDA00B42B1D /* PlayerViewController.swift */,
				84E3FDA228E2E1EA00B42B1D /* Song.swift */,
				84E3FDB028E3587400B42B1D /* AlbumTableViewCell.swift */,
				84E3FDB428E362AC00B42B1D /* MediaPlayer.swift */,
				84E3FDB628E551B500B42B1D /* MediaPlayerViewController.swift */,
				84E3FDEF28E697C900B42B1D /* SongListViewController.swift */,
				84E3FDF128E6981800B42B1D /* SongListTableViewCell.swift */,
				8453ACB328F1306400E9B6F5 /* AlbumsNew.swift */,
			);
			path = MyPlayer;
			sourceTree = "<group>";
		};
		84E3FDB828E5B87100B42B1D /* Ghetto Lenny */ = {
			isa = PBXGroup;
			children = (
				84E3FDBB28E5B94000B42B1D /* 94 Bentley.mp3 */,
				84E3FDC328E5B94A00B42B1D /* All I Want is A Yacht.mp3 */,
				84E3FDBF28E5B94500B42B1D /* Anything Can Happen.mp3 */,
				84E3FDBC28E5B94100B42B1D /* Borders.mp3 */,
				84E3FDC228E5B94900B42B1D /* Call Me After You Hear This.mp3 */,
				84E3FDBE28E5B94400B42B1D /* Cult4Ever.mp3 */,
				84E3FDC428E5B94B00B42B1D /* High School Reunion.mp3 */,
				84E3FDC528E5B94D00B42B1D /* I Can Fvcking Tell.mp3 */,
				84E3FDC128E5B94800B42B1D /* Monica Lewinsky.mp3 */,
				84E3FDBD28E5B94300B42B1D /* Thousand.mp3 */,
				84E3FDC028E5B94700B42B1D /* Trophies.mp3 */,
				84E3FDB928E5B93D00B42B1D /* Wedding Day.mp3 */,
				84E3FDBA28E5B93E00B42B1D /* Who Do You Blame.mp3 */,
			);
			path = "Ghetto Lenny";
			sourceTree = "<group>";
		};
		84E3FDD328E5BB9E00B42B1D /* While The World Was Burning */ = {
			isa = PBXGroup;
			children = (
				84E3FDDC28E5BBBF00B42B1D /* Back On The Ledge.mp3 */,
				84E3FDD528E5BBB400B42B1D /* Freedom Is Priceless.mp3 */,
				84E3FDDF28E5BBC400B42B1D /* Gorgeous.mp3 */,
				84E3FDDB28E5BBBD00B42B1D /* High School Reunion Prom.mp3 */,
				84E3FDE028E5BBC600B42B1D /* Monica Lewinsky Election Year.mp3 */,
				84E3FDDA28E5BBBB00B42B1D /* Pray 4 Me.mp3 */,
				84E3FDD828E5BBB900B42B1D /* Quarantine Wifey.mp3 */,
				84E3FDD628E5BBB600B42B1D /* Ransom.mp3 */,
				84E3FDD428E5BBB300B42B1D /* Roses Remix.mp3 */,
				84E3FDDD28E5BBC100B42B1D /* Smack DVD.mp3 */,
				84E3FDD728E5BBB700B42B1D /* Sucks To Be You.mp3 */,
				84E3FDDE28E5BBC200B42B1D /* Switching Sides.mp3 */,
				84E3FDD928E5BBBA00B42B1D /* Time For Demons.mp3 */,
			);
			path = "While The World Was Burning";
			sourceTree = "<group>";
		};
/* End PBXGroup section */

/* Begin PBXNativeTarget section */
		84061DE528B161FE00B5AB47 /* NavigationVK */ = {
			isa = PBXNativeTarget;
			buildConfigurationList = 84061DFA28B1620600B5AB47 /* Build configuration list for PBXNativeTarget "NavigationVK" */;
			buildPhases = (
				84061DE228B161FE00B5AB47 /* Sources */,
				84061DE328B161FE00B5AB47 /* Frameworks */,
				84061DE428B161FE00B5AB47 /* Resources */,
				84061E2E28B16D6100B5AB47 /* Embed Frameworks */,
			);
			buildRules = (
			);
			dependencies = (
			);
			name = NavigationVK;
			packageProductDependencies = (
				849BA4F728F9F09700D3B5D2 /* FirebaseAuth */,
			);
			productName = NavigationVK;
			productReference = 84061DE628B161FE00B5AB47 /* NavigationVK.app */;
			productType = "com.apple.product-type.application";
		};
/* End PBXNativeTarget section */

/* Begin PBXProject section */
		84061DDE28B161FE00B5AB47 /* Project object */ = {
			isa = PBXProject;
			attributes = {
				BuildIndependentTargetsInParallel = 1;
				LastSwiftUpdateCheck = 1320;
				LastUpgradeCheck = 1320;
				TargetAttributes = {
					84061DE528B161FE00B5AB47 = {
						CreatedOnToolsVersion = 13.2.1;
						LastSwiftMigration = 1400;
					};
				};
			};
			buildConfigurationList = 84061DE128B161FE00B5AB47 /* Build configuration list for PBXProject "NavigationVK" */;
			compatibilityVersion = "Xcode 13.0";
			developmentRegion = en;
			hasScannedForEncodings = 0;
			knownRegions = (
				en,
				Base,
			);
			mainGroup = 84061DDD28B161FE00B5AB47;
			packageReferences = (
				849BA4F628F9F09700D3B5D2 /* XCRemoteSwiftPackageReference "firebase-ios-sdk" */,
			);
			productRefGroup = 84061DE728B161FE00B5AB47 /* Products */;
			projectDirPath = "";
			projectRoot = "";
			targets = (
				84061DE528B161FE00B5AB47 /* NavigationVK */,
			);
		};
/* End PBXProject section */

/* Begin PBXResourcesBuildPhase section */
		84061DE428B161FE00B5AB47 /* Resources */ = {
			isa = PBXResourcesBuildPhase;
			buildActionMask = 2147483647;
			files = (
				84E3FDEA28E5BBC600B42B1D /* Smack DVD.mp3 in Resources */,
				84E3FDCE28E5B94D00B42B1D /* Monica Lewinsky.mp3 in Resources */,
				84E3FDE728E5BBC600B42B1D /* Pray 4 Me.mp3 in Resources */,
				84E3FDCA28E5B94D00B42B1D /* Thousand.mp3 in Resources */,
				849BA4F528F9EB5800D3B5D2 /* GoogleService-Info.plist in Resources */,
				84E3FDE928E5BBC600B42B1D /* Back On The Ledge.mp3 in Resources */,
				84E3FDCF28E5B94D00B42B1D /* Call Me After You Hear This.mp3 in Resources */,
				84E3FDCD28E5B94D00B42B1D /* Trophies.mp3 in Resources */,
				84E3FDE428E5BBC600B42B1D /* Sucks To Be You.mp3 in Resources */,
				84E3FDC928E5B94D00B42B1D /* Borders.mp3 in Resources */,
				84E3FDEB28E5BBC600B42B1D /* Switching Sides.mp3 in Resources */,
				84E3FDEC28E5BBC600B42B1D /* Gorgeous.mp3 in Resources */,
				84061DF628B1620600B5AB47 /* LaunchScreen.storyboard in Resources */,
				84E3FDD228E5B94D00B42B1D /* I Can Fvcking Tell.mp3 in Resources */,
				84E3FDD128E5B94D00B42B1D /* High School Reunion.mp3 in Resources */,
				84E3FDCB28E5B94D00B42B1D /* Cult4Ever.mp3 in Resources */,
				84E3FDE628E5BBC600B42B1D /* Time For Demons.mp3 in Resources */,
				84E3FDE528E5BBC600B42B1D /* Quarantine Wifey.mp3 in Resources */,
				84E3FDCC28E5B94D00B42B1D /* Anything Can Happen.mp3 in Resources */,
				84E3FDD028E5B94D00B42B1D /* All I Want is A Yacht.mp3 in Resources */,
				84E3FDC628E5B94D00B42B1D /* Wedding Day.mp3 in Resources */,
				84E3FDE328E5BBC600B42B1D /* Ransom.mp3 in Resources */,
				84E3FDC728E5B94D00B42B1D /* Who Do You Blame.mp3 in Resources */,
				84E3FDC828E5B94D00B42B1D /* 94 Bentley.mp3 in Resources */,
				84E3FDE128E5BBC600B42B1D /* Roses Remix.mp3 in Resources */,
				84E3FDED28E5BBC600B42B1D /* Monica Lewinsky Election Year.mp3 in Resources */,
				84061DF328B1620600B5AB47 /* Assets.xcassets in Resources */,
				84E3FDE828E5BBC600B42B1D /* High School Reunion Prom.mp3 in Resources */,
				84E3FDE228E5BBC600B42B1D /* Freedom Is Priceless.mp3 in Resources */,
			);
			runOnlyForDeploymentPostprocessing = 0;
		};
/* End PBXResourcesBuildPhase section */

/* Begin PBXSourcesBuildPhase section */
		84061DE228B161FE00B5AB47 /* Sources */ = {
			isa = PBXSourcesBuildPhase;
			buildActionMask = 2147483647;
			files = (
				84061E1128B169D700B5AB47 /* Photos.swift in Sources */,
				8444AA6028B4B76E005BB8FF /* Checker.swift in Sources */,
				84CF1A3A28BCBD0F000FF0D8 /* NotificationName.swift in Sources */,
				849BA4FE28FA37D600D3B5D2 /* RegistrationView.swift in Sources */,
				847409A128C36E6F00CBA34A /* SplashView.swift in Sources */,
				84CA386B28C096A400EECD6D /* ProfileFlowCoordinator.swift in Sources */,
				84E3FDEE28E5FFAC00B42B1D /* Post.swift in Sources */,
				84AF3ADE28ED372E0014E64D /* MusicViewController.swift in Sources */,
				84061E0328B167C800B5AB47 /* LoginViewController.swift in Sources */,
				8463E5E528D7A06300D80D2B /* SettingsViewController.swift in Sources */,
				84B259E428D8EBC80024648F /* ProfilePostViewController.swift in Sources */,
				849BA4FC28FA2DED00D3B5D2 /* RegistratonViewController.swift in Sources */,
				84AF3ADA28ED32790014E64D /* AlbumMusic.swift in Sources */,
				84AF3ADC28ED34620014E64D /* Catalog.swift in Sources */,
				84C5FFB228B5040300C01CC9 /* CustomButton.swift in Sources */,
				84061E1B28B16AEA00B5AB47 /* PostTableViewCell.swift in Sources */,
				84CA387128C09F5500EECD6D /* LoginView.swift in Sources */,
				84061DEA28B161FE00B5AB47 /* AppDelegate.swift in Sources */,
				845CF25228CB955800EECCAF /* SecondPostViewController.swift in Sources */,
				84AF3AE428ED388A0014E64D /* DetailCell.swift in Sources */,
				84E3FDA528E34DDA00B42B1D /* PlayerViewController.swift in Sources */,
				84DC23C928B47FCF0091F0D5 /* User.swift in Sources */,
				8403230128C679EC009BCD8E /* MainTabBarController.swift in Sources */,
				84E3FDA328E2E1EA00B42B1D /* Song.swift in Sources */,
				84CA386F28C09E0B00EECD6D /* LoginViewModel.swift in Sources */,
				84CF1A3628BCBC3D000FF0D8 /* CustomTextField.swift in Sources */,
				8444AA5E28B4B6E7005BB8FF /* LoginInspector.swift in Sources */,
				84CA386928C0965400EECD6D /* FeedFlowCoordinator.swift in Sources */,
				84061E1928B16AB700B5AB47 /* PhotosTableViewCell.swift in Sources */,
				84CA387928C324B400EECD6D /* ExtensionPassword.swift in Sources */,
				84CF1A3828BCBCD7000FF0D8 /* FeedModel.swift in Sources */,
				84E3FDB128E3587400B42B1D /* AlbumTableViewCell.swift in Sources */,
				84CF1A3428BCBBCD000FF0D8 /* FeedView.swift in Sources */,
				84CA386D28C0977600EECD6D /* MainCoordinator.swift in Sources */,
				8444AA6228B4B859005BB8FF /* LoginFactory.swift in Sources */,
				8444AA5928B493A5005BB8FF /* UserService.swift in Sources */,
				84E3FDA728E34E5300B42B1D /* Album.swift in Sources */,
				8444AA6428B4B891005BB8FF /* MyLoginFactory.swift in Sources */,
				84061E1328B169FE00B5AB47 /* PhotosCollectionViewCell.swift in Sources */,
				84FFB5E228F1A91A008AB649 /* PlayerNew.swift in Sources */,
				84061E0128B1669A00B5AB47 /* ProfileHeaderView.swift in Sources */,
				849BA4F228F8C90500D3B5D2 /* InfoView.swift in Sources */,
				84BC755D28EFD38E00339BFE /* NetworkService.swift in Sources */,
				84061E0D28B1692D00B5AB47 /* PostViewController.swift in Sources */,
				8444AA5B28B495B8005BB8FF /* CurrentUserService.swift in Sources */,
				84E3FDB728E551B500B42B1D /* MediaPlayerViewController.swift in Sources */,
				8444AA6628B4B90A005BB8FF /* TestUserService.swift in Sources */,
				8453ACB428F1306400E9B6F5 /* AlbumsNew.swift in Sources */,
				84061E0B28B1690D00B5AB47 /* InfoViewController.swift in Sources */,
				84AF3AE028ED377A0014E64D /* AlbumCell.swift in Sources */,
				84E3FDF228E6981800B42B1D /* SongListTableViewCell.swift in Sources */,
				84783D2828D4D02C009E5872 /* ProfileImageView.swift in Sources */,
				84061DFF28B1665000B5AB47 /* ProfileViewController.swift in Sources */,
				84061E1728B16A5900B5AB47 /* PhotosViewController.swift in Sources */,
				84E3FDB528E362AC00B42B1D /* MediaPlayer.swift in Sources */,
				84061E1528B16A3100B5AB47 /* PostStruct.swift in Sources */,
				84061E0928B168CD00B5AB47 /* FeedViewController.swift in Sources */,
				84061DEC28B161FE00B5AB47 /* SceneDelegate.swift in Sources */,
				84CA386728C095E100EECD6D /* ControllersFactory.swift in Sources */,
				84E3FDA128E2C77700B42B1D /* Player.swift in Sources */,
				84061E0F28B169A300B5AB47 /* CustomCollectionViewCell.swift in Sources */,
				84E3FDF028E697C900B42B1D /* SongListViewController.swift in Sources */,
				84AF3AE228ED38090014E64D /* DetailViewController.swift in Sources */,
			);
			runOnlyForDeploymentPostprocessing = 0;
		};
/* End PBXSourcesBuildPhase section */

/* Begin PBXVariantGroup section */
		84061DF428B1620600B5AB47 /* LaunchScreen.storyboard */ = {
			isa = PBXVariantGroup;
			children = (
				84061DF528B1620600B5AB47 /* Base */,
			);
			name = LaunchScreen.storyboard;
			sourceTree = "<group>";
		};
/* End PBXVariantGroup section */

/* Begin XCBuildConfiguration section */
		84061DF828B1620600B5AB47 /* Debug */ = {
			isa = XCBuildConfiguration;
			buildSettings = {
				ALWAYS_SEARCH_USER_PATHS = NO;
				BUILD_LIBRARY_FOR_DISTRIBUTION = YES;
				CLANG_ANALYZER_NONNULL = YES;
				CLANG_ANALYZER_NUMBER_OBJECT_CONVERSION = YES_AGGRESSIVE;
				CLANG_CXX_LANGUAGE_STANDARD = "gnu++17";
				CLANG_CXX_LIBRARY = "libc++";
				CLANG_ENABLE_MODULES = YES;
				CLANG_ENABLE_OBJC_ARC = YES;
				CLANG_ENABLE_OBJC_WEAK = YES;
				CLANG_WARN_BLOCK_CAPTURE_AUTORELEASING = YES;
				CLANG_WARN_BOOL_CONVERSION = YES;
				CLANG_WARN_COMMA = YES;
				CLANG_WARN_CONSTANT_CONVERSION = YES;
				CLANG_WARN_DEPRECATED_OBJC_IMPLEMENTATIONS = YES;
				CLANG_WARN_DIRECT_OBJC_ISA_USAGE = YES_ERROR;
				CLANG_WARN_DOCUMENTATION_COMMENTS = YES;
				CLANG_WARN_EMPTY_BODY = YES;
				CLANG_WARN_ENUM_CONVERSION = YES;
				CLANG_WARN_INFINITE_RECURSION = YES;
				CLANG_WARN_INT_CONVERSION = YES;
				CLANG_WARN_NON_LITERAL_NULL_CONVERSION = YES;
				CLANG_WARN_OBJC_IMPLICIT_RETAIN_SELF = YES;
				CLANG_WARN_OBJC_LITERAL_CONVERSION = YES;
				CLANG_WARN_OBJC_ROOT_CLASS = YES_ERROR;
				CLANG_WARN_QUOTED_INCLUDE_IN_FRAMEWORK_HEADER = YES;
				CLANG_WARN_RANGE_LOOP_ANALYSIS = YES;
				CLANG_WARN_STRICT_PROTOTYPES = YES;
				CLANG_WARN_SUSPICIOUS_MOVE = YES;
				CLANG_WARN_UNGUARDED_AVAILABILITY = YES_AGGRESSIVE;
				CLANG_WARN_UNREACHABLE_CODE = YES;
				CLANG_WARN__DUPLICATE_METHOD_MATCH = YES;
				COPY_PHASE_STRIP = NO;
				DEBUG_INFORMATION_FORMAT = dwarf;
				ENABLE_STRICT_OBJC_MSGSEND = YES;
				ENABLE_TESTABILITY = YES;
				GCC_C_LANGUAGE_STANDARD = gnu11;
				GCC_DYNAMIC_NO_PIC = NO;
				GCC_NO_COMMON_BLOCKS = YES;
				GCC_OPTIMIZATION_LEVEL = 0;
				GCC_PREPROCESSOR_DEFINITIONS = (
					"DEBUG=1",
					"$(inherited)",
				);
				GCC_WARN_64_TO_32_BIT_CONVERSION = YES;
				GCC_WARN_ABOUT_RETURN_TYPE = YES_ERROR;
				GCC_WARN_UNDECLARED_SELECTOR = YES;
				GCC_WARN_UNINITIALIZED_AUTOS = YES_AGGRESSIVE;
				GCC_WARN_UNUSED_FUNCTION = YES;
				GCC_WARN_UNUSED_VARIABLE = YES;
				IPHONEOS_DEPLOYMENT_TARGET = 15.2;
				MTL_ENABLE_DEBUG_INFO = INCLUDE_SOURCE;
				MTL_FAST_MATH = YES;
				ONLY_ACTIVE_ARCH = YES;
				SDKROOT = iphoneos;
				SWIFT_ACTIVE_COMPILATION_CONDITIONS = DEBUG;
				SWIFT_OPTIMIZATION_LEVEL = "-Onone";
			};
			name = Debug;
		};
		84061DF928B1620600B5AB47 /* Release */ = {
			isa = XCBuildConfiguration;
			buildSettings = {
				ALWAYS_SEARCH_USER_PATHS = NO;
				BUILD_LIBRARY_FOR_DISTRIBUTION = YES;
				CLANG_ANALYZER_NONNULL = YES;
				CLANG_ANALYZER_NUMBER_OBJECT_CONVERSION = YES_AGGRESSIVE;
				CLANG_CXX_LANGUAGE_STANDARD = "gnu++17";
				CLANG_CXX_LIBRARY = "libc++";
				CLANG_ENABLE_MODULES = YES;
				CLANG_ENABLE_OBJC_ARC = YES;
				CLANG_ENABLE_OBJC_WEAK = YES;
				CLANG_WARN_BLOCK_CAPTURE_AUTORELEASING = YES;
				CLANG_WARN_BOOL_CONVERSION = YES;
				CLANG_WARN_COMMA = YES;
				CLANG_WARN_CONSTANT_CONVERSION = YES;
				CLANG_WARN_DEPRECATED_OBJC_IMPLEMENTATIONS = YES;
				CLANG_WARN_DIRECT_OBJC_ISA_USAGE = YES_ERROR;
				CLANG_WARN_DOCUMENTATION_COMMENTS = YES;
				CLANG_WARN_EMPTY_BODY = YES;
				CLANG_WARN_ENUM_CONVERSION = YES;
				CLANG_WARN_INFINITE_RECURSION = YES;
				CLANG_WARN_INT_CONVERSION = YES;
				CLANG_WARN_NON_LITERAL_NULL_CONVERSION = YES;
				CLANG_WARN_OBJC_IMPLICIT_RETAIN_SELF = YES;
				CLANG_WARN_OBJC_LITERAL_CONVERSION = YES;
				CLANG_WARN_OBJC_ROOT_CLASS = YES_ERROR;
				CLANG_WARN_QUOTED_INCLUDE_IN_FRAMEWORK_HEADER = YES;
				CLANG_WARN_RANGE_LOOP_ANALYSIS = YES;
				CLANG_WARN_STRICT_PROTOTYPES = YES;
				CLANG_WARN_SUSPICIOUS_MOVE = YES;
				CLANG_WARN_UNGUARDED_AVAILABILITY = YES_AGGRESSIVE;
				CLANG_WARN_UNREACHABLE_CODE = YES;
				CLANG_WARN__DUPLICATE_METHOD_MATCH = YES;
				COPY_PHASE_STRIP = NO;
				DEBUG_INFORMATION_FORMAT = "dwarf-with-dsym";
				ENABLE_NS_ASSERTIONS = NO;
				ENABLE_STRICT_OBJC_MSGSEND = YES;
				GCC_C_LANGUAGE_STANDARD = gnu11;
				GCC_NO_COMMON_BLOCKS = YES;
				GCC_WARN_64_TO_32_BIT_CONVERSION = YES;
				GCC_WARN_ABOUT_RETURN_TYPE = YES_ERROR;
				GCC_WARN_UNDECLARED_SELECTOR = YES;
				GCC_WARN_UNINITIALIZED_AUTOS = YES_AGGRESSIVE;
				GCC_WARN_UNUSED_FUNCTION = YES;
				GCC_WARN_UNUSED_VARIABLE = YES;
				IPHONEOS_DEPLOYMENT_TARGET = 15.2;
				MTL_ENABLE_DEBUG_INFO = NO;
				MTL_FAST_MATH = YES;
				SDKROOT = iphoneos;
				SWIFT_COMPILATION_MODE = wholemodule;
				SWIFT_OPTIMIZATION_LEVEL = "-O";
				VALIDATE_PRODUCT = YES;
			};
			name = Release;
		};
		84061DFB28B1620600B5AB47 /* Debug */ = {
			isa = XCBuildConfiguration;
			buildSettings = {
				ASSETCATALOG_COMPILER_APPICON_NAME = AppIcon;
				"ASSETCATALOG_COMPILER_APPICON_NAME[sdk=iphoneos*]" = AppIcon;
				ASSETCATALOG_COMPILER_GLOBAL_ACCENT_COLOR_NAME = AccentColor;
				CLANG_ENABLE_MODULES = YES;
				CODE_SIGN_STYLE = Automatic;
				CURRENT_PROJECT_VERSION = 1;
				DEVELOPMENT_TEAM = GBV3J46D65;
				GENERATE_INFOPLIST_FILE = YES;
				INFOPLIST_FILE = NavigationVK/Info.plist;
				INFOPLIST_KEY_UIApplicationSupportsIndirectInputEvents = YES;
				INFOPLIST_KEY_UILaunchStoryboardName = LaunchScreen;
				INFOPLIST_KEY_UISupportedInterfaceOrientations = UIInterfaceOrientationPortrait;
				INFOPLIST_KEY_UISupportedInterfaceOrientations_iPad = "UIInterfaceOrientationLandscapeLeft UIInterfaceOrientationLandscapeRight UIInterfaceOrientationPortrait UIInterfaceOrientationPortraitUpsideDown";
				LD_RUNPATH_SEARCH_PATHS = (
					"$(inherited)",
					"@executable_path/Frameworks",
				);
				MARKETING_VERSION = 1.0;
				PRODUCT_BUNDLE_IDENTIFIER = ru.FanilJr.NavigationVK;
				PRODUCT_NAME = "$(TARGET_NAME)";
				SWIFT_EMIT_LOC_STRINGS = YES;
				SWIFT_OPTIMIZATION_LEVEL = "-Onone";
				SWIFT_VERSION = 5.0;
				TARGETED_DEVICE_FAMILY = 1;
			};
			name = Debug;
		};
		84061DFC28B1620600B5AB47 /* Release */ = {
			isa = XCBuildConfiguration;
			buildSettings = {
				ASSETCATALOG_COMPILER_APPICON_NAME = AppIcon;
				ASSETCATALOG_COMPILER_GLOBAL_ACCENT_COLOR_NAME = AccentColor;
				CLANG_ENABLE_MODULES = YES;
				CODE_SIGN_STYLE = Automatic;
				CURRENT_PROJECT_VERSION = 1;
				DEVELOPMENT_TEAM = GBV3J46D65;
				GENERATE_INFOPLIST_FILE = YES;
				INFOPLIST_FILE = NavigationVK/Info.plist;
				INFOPLIST_KEY_UIApplicationSupportsIndirectInputEvents = YES;
				INFOPLIST_KEY_UILaunchStoryboardName = LaunchScreen;
				INFOPLIST_KEY_UISupportedInterfaceOrientations = UIInterfaceOrientationPortrait;
				INFOPLIST_KEY_UISupportedInterfaceOrientations_iPad = "UIInterfaceOrientationLandscapeLeft UIInterfaceOrientationLandscapeRight UIInterfaceOrientationPortrait UIInterfaceOrientationPortraitUpsideDown";
				LD_RUNPATH_SEARCH_PATHS = (
					"$(inherited)",
					"@executable_path/Frameworks",
				);
				MARKETING_VERSION = 1.0;
				PRODUCT_BUNDLE_IDENTIFIER = ru.FanilJr.NavigationVK;
				PRODUCT_NAME = "$(TARGET_NAME)";
				SWIFT_EMIT_LOC_STRINGS = YES;
				SWIFT_VERSION = 5.0;
				TARGETED_DEVICE_FAMILY = 1;
			};
			name = Release;
		};
/* End XCBuildConfiguration section */

/* Begin XCConfigurationList section */
		84061DE128B161FE00B5AB47 /* Build configuration list for PBXProject "NavigationVK" */ = {
			isa = XCConfigurationList;
			buildConfigurations = (
				84061DF828B1620600B5AB47 /* Debug */,
				84061DF928B1620600B5AB47 /* Release */,
			);
			defaultConfigurationIsVisible = 0;
			defaultConfigurationName = Release;
		};
		84061DFA28B1620600B5AB47 /* Build configuration list for PBXNativeTarget "NavigationVK" */ = {
			isa = XCConfigurationList;
			buildConfigurations = (
				84061DFB28B1620600B5AB47 /* Debug */,
				84061DFC28B1620600B5AB47 /* Release */,
			);
			defaultConfigurationIsVisible = 0;
			defaultConfigurationName = Release;
		};
/* End XCConfigurationList section */

/* Begin XCRemoteSwiftPackageReference section */
		849BA4F628F9F09700D3B5D2 /* XCRemoteSwiftPackageReference "firebase-ios-sdk" */ = {
			isa = XCRemoteSwiftPackageReference;
			repositoryURL = "https://github.com/firebase/firebase-ios-sdk";
			requirement = {
				kind = upToNextMajorVersion;
				minimumVersion = 9.0.0;
			};
		};
/* End XCRemoteSwiftPackageReference section */

/* Begin XCSwiftPackageProductDependency section */
		849BA4F728F9F09700D3B5D2 /* FirebaseAuth */ = {
			isa = XCSwiftPackageProductDependency;
			package = 849BA4F628F9F09700D3B5D2 /* XCRemoteSwiftPackageReference "firebase-ios-sdk" */;
			productName = FirebaseAuth;
		};
/* End XCSwiftPackageProductDependency section */
	};
	rootObject = 84061DDE28B161FE00B5AB47 /* Project object */;
}
